
Microsoft Visual Studio Solution File, Format Version 12.00
# Visual Studio Version 16
VisualStudioVersion = 16.0.29020.237
MinimumVisualStudioVersion = 10.0.40219.1
Project("{FAE04EC0-301F-11D3-BF4B-00C04F79EFBC}") = "Oli_I", "Oli_I\Oli_I.csproj", "{83374A58-F696-4188-9425-D2BBB6199727}"
EndProject
Global
	GlobalSection(SolutionConfigurationPlatforms) = preSolution
		Debug|Any CPU = Debug|Any CPU
		Release|Any CPU = Release|Any CPU
	EndGlobalSection
	GlobalSection(ProjectConfigurationPlatforms) = postSolution
		{83374A58-F696-4188-9425-D2BBB6199727}.Debug|Any CPU.ActiveCfg = Debug|Any CPU
		{83374A58-F696-4188-9425-D2BBB6199727}.Debug|Any CPU.Build.0 = Debug|Any CPU
		{83374A58-F696-4188-9425-D2BBB6199727}.Release|Any CPU.ActiveCfg = Release|Any CPU
		{83374A58-F696-4188-9425-D2BBB6199727}.Release|Any CPU.Build.0 = Release|Any CPU
	EndGlobalSection
	GlobalSection(SolutionProperties) = preSolution
		HideSolutionNode = FALSE
	EndGlobalSection
	GlobalSection(ExtensibilityGlobals) = postSolution
		SolutionGuid = {AB9D89CD-1DDC-4903-B04B-F1AB43245E2F}
	EndGlobalSection
EndGlobal
